
Microsoft Visual Studio Solution File, Format Version 12.00
# Visual Studio Version 17
VisualStudioVersion = 17.5.002.0
MinimumVisualStudioVersion = 10.0.40219.1
Project("{9A19103F-16F7-4668-BE54-9A1E7A4F7556}") = "TheNine", "TheNine.csproj", "{22CAEE8B-7F28-49AF-9D5A-3024B770177A}"
EndProject
Global
	GlobalSection(SolutionConfigurationPlatforms) = preSolution
		Debug|Any CPU = Debug|Any CPU
		Release|Any CPU = Release|Any CPU
	EndGlobalSection
	GlobalSection(ProjectConfigurationPlatforms) = postSolution
		{22CAEE8B-7F28-49AF-9D5A-3024B770177A}.Debug|Any CPU.ActiveCfg = Debug|Any CPU
		{22CAEE8B-7F28-49AF-9D5A-3024B770177A}.Debug|Any CPU.Build.0 = Debug|Any CPU
		{22CAEE8B-7F28-49AF-9D5A-3024B770177A}.Release|Any CPU.ActiveCfg = Release|Any CPU
		{22CAEE8B-7F28-49AF-9D5A-3024B770177A}.Release|Any CPU.Build.0 = Release|Any CPU
	EndGlobalSection
	GlobalSection(SolutionProperties) = preSolution
		HideSolutionNode = FALSE
	EndGlobalSection
	GlobalSection(ExtensibilityGlobals) = postSolution
		SolutionGuid = {CEC99E1F-5A17-4FF6-9DB2-38764EC59D41}
	EndGlobalSection
EndGlobal
